
Microsoft Visual Studio Solution File, Format Version 12.00
# Visual Studio Version 16
VisualStudioVersion = 16.0.30717.126
MinimumVisualStudioVersion = 10.0.40219.1
Project("{FAE04EC0-301F-11D3-BF4B-00C04F79EFBC}") = "BudgetModeler", "BudgetModeler\BudgetModeler.csproj", "{249D9B15-81E4-4C95-9D40-FE30F8DEE3D9}"
EndProject
Global
	GlobalSection(SolutionConfigurationPlatforms) = preSolution
		Debug|Any CPU = Debug|Any CPU
		Release|Any CPU = Release|Any CPU
	EndGlobalSection
	GlobalSection(ProjectConfigurationPlatforms) = postSolution
		{249D9B15-81E4-4C95-9D40-FE30F8DEE3D9}.Debug|Any CPU.ActiveCfg = Debug|Any CPU
		{249D9B15-81E4-4C95-9D40-FE30F8DEE3D9}.Debug|Any CPU.Build.0 = Debug|Any CPU
		{249D9B15-81E4-4C95-9D40-FE30F8DEE3D9}.Release|Any CPU.ActiveCfg = Release|Any CPU
		{249D9B15-81E4-4C95-9D40-FE30F8DEE3D9}.Release|Any CPU.Build.0 = Release|Any CPU
	EndGlobalSection
	GlobalSection(SolutionProperties) = preSolution
		HideSolutionNode = FALSE
	EndGlobalSection
	GlobalSection(ExtensibilityGlobals) = postSolution
		SolutionGuid = {D1FDF875-6AC7-467B-911B-0491A6391A4B}
	EndGlobalSection
EndGlobal
