{
  "object": {
    "pins": [
      {
        "package": "SwiftUICharts",
        "repositoryURL": "https://github.com/willdale/SwiftUICharts.git",
        "state": {
          "branch": "release/3",
          "revision": "285bc1e3adae8effd98df1a7b9dfcf7ee8854f87",
          "version": null
        }
      }
    ]
  },
  "version": 1
}
